
Microsoft Visual Studio Solution File, Format Version 12.00
# Visual Studio 14
VisualStudioVersion = 14.0.23020.0
MinimumVisualStudioVersion = 10.0.40219.1
Project("{FAE04EC0-301F-11D3-BF4B-00C04F79EFBC}") = "PrayerTimes", "PrayerTimes.csproj", "{45E9D8CC-D1BA-4FD0-AB57-49227EA887AC}"
EndProject
Project("{FAE04EC0-301F-11D3-BF4B-00C04F79EFBC}") = "PrayerTimes.Test", "..\PrayerTimes.Test\PrayerTimes.Test.csproj", "{1FD15B32-6CAA-4490-912E-4FD0E1955F50}"
EndProject
Global
	GlobalSection(SolutionConfigurationPlatforms) = preSolution
		Debug|Any CPU = Debug|Any CPU
		Release|Any CPU = Release|Any CPU
	EndGlobalSection
	GlobalSection(ProjectConfigurationPlatforms) = postSolution
		{45E9D8CC-D1BA-4FD0-AB57-49227EA887AC}.Debug|Any CPU.ActiveCfg = Debug|Any CPU
		{45E9D8CC-D1BA-4FD0-AB57-49227EA887AC}.Debug|Any CPU.Build.0 = Debug|Any CPU
		{45E9D8CC-D1BA-4FD0-AB57-49227EA887AC}.Release|Any CPU.ActiveCfg = Release|Any CPU
		{45E9D8CC-D1BA-4FD0-AB57-49227EA887AC}.Release|Any CPU.Build.0 = Release|Any CPU
		{1FD15B32-6CAA-4490-912E-4FD0E1955F50}.Debug|Any CPU.ActiveCfg = Debug|Any CPU
		{1FD15B32-6CAA-4490-912E-4FD0E1955F50}.Debug|Any CPU.Build.0 = Debug|Any CPU
		{1FD15B32-6CAA-4490-912E-4FD0E1955F50}.Release|Any CPU.ActiveCfg = Release|Any CPU
		{1FD15B32-6CAA-4490-912E-4FD0E1955F50}.Release|Any CPU.Build.0 = Release|Any CPU
	EndGlobalSection
	GlobalSection(SolutionProperties) = preSolution
		HideSolutionNode = FALSE
	EndGlobalSection
EndGlobal
